PODS:
  - Alamofire (4.3.0)
  - Gloss (1.2.1)
  - OMHClient (0.0.4):
    - Alamofire (~> 4.0)
  - ResearchKit (1.4.1)
  - ResearchSuiteResultsProcessor (0.1.0):
    - Gloss (~> 1.1)
    - ResearchKit (~> 1.3)
  - ResearchSuiteTaskBuilder (0.2.0):
    - Gloss (~> 1.1)
    - ResearchKit (~> 1.3)
  - ReSwift (3.0.0)
  - sdlrkx (0.7.0):
    - sdlrkx/Behavioral (= 0.7.0)
    - sdlrkx/Behavioral-RSRPOhmageBackend (= 0.7.0)
    - sdlrkx/Behavioral-RSRPSupport (= 0.7.0)
    - sdlrkx/Behavioral-RSTBSupport (= 0.7.0)
    - sdlrkx/Helpers (= 0.7.0)
    - sdlrkx/VSR (= 0.7.0)
    - sdlrkx/VSR-RSTBSupport (= 0.7.0)
  - sdlrkx/Behavioral (0.7.0):
    - ResearchKit (~> 1.4)
    - sdlrkx/Helpers
  - sdlrkx/Behavioral-RSRPOhmageBackend (0.7.0):
    - OMHClient
    - sdlrkx/Behavioral-RSRPSupport
  - sdlrkx/Behavioral-RSRPSupport (0.7.0):
    - ResearchKit (~> 1.4)
    - ResearchSuiteResultsProcessor (~> 0.1)
    - sdlrkx/Behavioral
  - sdlrkx/Behavioral-RSTBSupport (0.7.0):
    - Gloss (~> 1)
    - ResearchSuiteTaskBuilder (~> 0.2)
    - sdlrkx/Behavioral
  - sdlrkx/Helpers (0.7.0)
  - sdlrkx/VSR (0.7.0):
    - ResearchKit (~> 1.4)
    - sdlrkx/Helpers
  - sdlrkx/VSR-RSTBSupport (0.7.0):
    - Gloss (~> 1)
    - ResearchSuiteTaskBuilder (~> 0.2)
    - sdlrkx/VSR

DEPENDENCIES:
  - ResearchKit (~> 1.4)
  - ResearchSuiteResultsProcessor
  - ResearchSuiteTaskBuilder
  - ReSwift
  - sdlrkx

SPEC CHECKSUMS:
  Alamofire: 856a113053a7bc9cbe5d6367a555d773fc5cfef7
  Gloss: 9ab33b8ede01e4232571d43a6bf9259b85d1de69
  OMHClient: 684aa8267b0152ec32cd676ea754e459a822bf5a
  ResearchKit: 3533ea3a2270e4ed7ff830e19755dc959fdfd430
  ResearchSuiteResultsProcessor: 648b15c376c020ab58a46f6348e3809812e73f53
  ResearchSuiteTaskBuilder: ab01cf3f618d369eeb63507da82a36ba54f04e5e
  ReSwift: f0255f4b4f2dacd12c5d97d34d13fc5dad6d6371
  sdlrkx: 9de4a999c28378b88d4483c50dd2aefe7275a2bd

PODFILE CHECKSUM: 3dc9e8feb56a3004cb41480983c5e197d718ab2d

COCOAPODS: 1.1.1
